
Microsoft Visual Studio Solution File, Format Version 12.00
# Visual Studio Version 16
VisualStudioVersion = 16.0.30517.126
MinimumVisualStudioVersion = 10.0.40219.1
Project("{8BC9CEB8-8B4A-11D0-8D11-00A0C91BC942}") = "L4E2", "L4E2\L4E2.vcxproj", "{0714CAF0-5E36-471E-9664-D53F3F44A69C}"
EndProject
Global
	GlobalSection(SolutionConfigurationPlatforms) = preSolution
		Debug|x64 = Debug|x64
		Debug|x86 = Debug|x86
		Release|x64 = Release|x64
		Release|x86 = Release|x86
	EndGlobalSection
	GlobalSection(ProjectConfigurationPlatforms) = postSolution
		{0714CAF0-5E36-471E-9664-D53F3F44A69C}.Debug|x64.ActiveCfg = Debug|x64
		{0714CAF0-5E36-471E-9664-D53F3F44A69C}.Debug|x64.Build.0 = Debug|x64
		{0714CAF0-5E36-471E-9664-D53F3F44A69C}.Debug|x86.ActiveCfg = Debug|Win32
		{0714CAF0-5E36-471E-9664-D53F3F44A69C}.Debug|x86.Build.0 = Debug|Win32
		{0714CAF0-5E36-471E-9664-D53F3F44A69C}.Release|x64.ActiveCfg = Release|x64
		{0714CAF0-5E36-471E-9664-D53F3F44A69C}.Release|x64.Build.0 = Release|x64
		{0714CAF0-5E36-471E-9664-D53F3F44A69C}.Release|x86.ActiveCfg = Release|Win32
		{0714CAF0-5E36-471E-9664-D53F3F44A69C}.Release|x86.Build.0 = Release|Win32
	EndGlobalSection
	GlobalSection(SolutionProperties) = preSolution
		HideSolutionNode = FALSE
	EndGlobalSection
	GlobalSection(ExtensibilityGlobals) = postSolution
		SolutionGuid = {85BE2B03-95C3-43FD-BC59-D8AD4B9ACA2B}
	EndGlobalSection
EndGlobal
